
Microsoft Visual Studio Solution File, Format Version 12.00
# Visual Studio Version 16
VisualStudioVersion = 16.0.29411.108
MinimumVisualStudioVersion = 10.0.40219.1
Project("{FAE04EC0-301F-11D3-BF4B-00C04F79EFBC}") = "RectanglesDrawing", "RectanglesDrawing.csproj", "{E1B20CBA-57C2-4990-8BBF-B1355C3C4A06}"
EndProject
Global
	GlobalSection(SolutionConfigurationPlatforms) = preSolution
		Debug|Any CPU = Debug|Any CPU
		Release|Any CPU = Release|Any CPU
	EndGlobalSection
	GlobalSection(ProjectConfigurationPlatforms) = postSolution
		{E1B20CBA-57C2-4990-8BBF-B1355C3C4A06}.Debug|Any CPU.ActiveCfg = Debug|Any CPU
		{E1B20CBA-57C2-4990-8BBF-B1355C3C4A06}.Debug|Any CPU.Build.0 = Debug|Any CPU
		{E1B20CBA-57C2-4990-8BBF-B1355C3C4A06}.Release|Any CPU.ActiveCfg = Release|Any CPU
		{E1B20CBA-57C2-4990-8BBF-B1355C3C4A06}.Release|Any CPU.Build.0 = Release|Any CPU
	EndGlobalSection
	GlobalSection(SolutionProperties) = preSolution
		HideSolutionNode = FALSE
	EndGlobalSection
	GlobalSection(ExtensibilityGlobals) = postSolution
		SolutionGuid = {E921D63E-8143-4658-BE48-41B91506D7E0}
	EndGlobalSection
EndGlobal
